// !$*UTF8*$!
{
	archiveVersion = 1;
	classes = {
	};
	objectVersion = 46;
	objects = {

/* Begin PBXBuildFile section */
		640B032F18209FF50077A070 /* goodboy1@2x.png in Resources */ = {isa = PBXBuildFile; fileRef = 640B032E18209FF50077A070 /* goodboy1@2x.png */; };
		64A66B11180E3C3200920E3B /* Foundation.framework in Frameworks */ = {isa = PBXBuildFile; fileRef = 64A66B10180E3C3200920E3B /* Foundation.framework */; };
		64A66B13180E3C3200920E3B /* CoreGraphics.framework in Frameworks */ = {isa = PBXBuildFile; fileRef = 64A66B12180E3C3200920E3B /* CoreGraphics.framework */; };
		64A66B15180E3C3200920E3B /* UIKit.framework in Frameworks */ = {isa = PBXBuildFile; fileRef = 64A66B14180E3C3200920E3B /* UIKit.framework */; };
		64A66B2A180E3C3200920E3B /* XCTest.framework in Frameworks */ = {isa = PBXBuildFile; fileRef = 64A66B29180E3C3200920E3B /* XCTest.framework */; };
		64A66B2B180E3C3200920E3B /* Foundation.framework in Frameworks */ = {isa = PBXBuildFile; fileRef = 64A66B10180E3C3200920E3B /* Foundation.framework */; };
		64A66B2C180E3C3200920E3B /* UIKit.framework in Frameworks */ = {isa = PBXBuildFile; fileRef = 64A66B14180E3C3200920E3B /* UIKit.framework */; };
		64A66B34180E3C3200920E3B /* InfoPlist.strings in Resources */ = {isa = PBXBuildFile; fileRef = 64A66B32180E3C3200920E3B /* InfoPlist.strings */; };
		64A66B36180E3C3200920E3B /* Graphics_AnimationTests.m in Sources */ = {isa = PBXBuildFile; fileRef = 64A66B35180E3C3200920E3B /* Graphics_AnimationTests.m */; };
		64E8FB1C181F7B970019A3BD /* GAViewController.m in Sources */ = {isa = PBXBuildFile; fileRef = 64E8FB1B181F7B970019A3BD /* GAViewController.m */; };
		64E8FB1F181F7BF80019A3BD /* GACAAnimationViewController.m in Sources */ = {isa = PBXBuildFile; fileRef = 64E8FB1E181F7BF80019A3BD /* GACAAnimationViewController.m */; };
		64E8FB25181F90ED0019A3BD /* GACAAnimation.m in Sources */ = {isa = PBXBuildFile; fileRef = 64E8FB24181F90ED0019A3BD /* GACAAnimation.m */; };
		64E8FB28181FC3400019A3BD /* goodboy0@2x.png in Resources */ = {isa = PBXBuildFile; fileRef = 64E8FB27181FC3400019A3BD /* goodboy0@2x.png */; };
		64E8FB2A181FC4830019A3BD /* QuartzCore.framework in Frameworks */ = {isa = PBXBuildFile; fileRef = 64E8FB29181FC4830019A3BD /* QuartzCore.framework */; };
		64F44B8B181E740D00F20D7B /* GAMainViewController.m in Sources */ = {isa = PBXBuildFile; fileRef = 64F44B7C181E740D00F20D7B /* GAMainViewController.m */; };
		64F44B8C181E740D00F20D7B /* AppDelegate.m in Sources */ = {isa = PBXBuildFile; fileRef = 64F44B7E181E740D00F20D7B /* AppDelegate.m */; };
		64F44B8D181E740D00F20D7B /* InfoPlist.strings in Resources */ = {isa = PBXBuildFile; fileRef = 64F44B80181E740D00F20D7B /* InfoPlist.strings */; };
		64F44B8E181E740D00F20D7B /* Graphics&Animation-Info.plist in Resources */ = {isa = PBXBuildFile; fileRef = 64F44B86181E740D00F20D7B /* Graphics&Animation-Info.plist */; };
		64F44B8F181E740D00F20D7B /* Images.xcassets in Resources */ = {isa = PBXBuildFile; fileRef = 64F44B88181E740D00F20D7B /* Images.xcassets */; };
		64F44B90181E740D00F20D7B /* main.m in Sources */ = {isa = PBXBuildFile; fileRef = 64F44B89181E740D00F20D7B /* main.m */; };
/* End PBXBuildFile section */

/* Begin PBXContainerItemProxy section */
		64A66B2D180E3C3200920E3B /* PBXContainerItemProxy */ = {
			isa = PBXContainerItemProxy;
			containerPortal = 64A66B05180E3C3200920E3B /* Project object */;
			proxyType = 1;
			remoteGlobalIDString = 64A66B0C180E3C3200920E3B;
			remoteInfo = "Graphics&Animation";
		};
/* End PBXContainerItemProxy section */

/* Begin PBXFileReference section */
		640B032E18209FF50077A070 /* goodboy1@2x.png */ = {isa = PBXFileReference; lastKnownFileType = image.png; path = "goodboy1@2x.png"; sourceTree = "<group>"; };
		64A66B0D180E3C3200920E3B /* Graphics&Animation.app */ = {isa = PBXFileReference; explicitFileType = wrapper.application; includeInIndex = 0; path = "Graphics&Animation.app"; sourceTree = BUILT_PRODUCTS_DIR; };
		64A66B10180E3C3200920E3B /* Foundation.framework */ = {isa = PBXFileReference; lastKnownFileType = wrapper.framework; name = Foundation.framework; path = System/Library/Frameworks/Foundation.framework; sourceTree = SDKROOT; };
		64A66B12180E3C3200920E3B /* CoreGraphics.framework */ = {isa = PBXFileReference; lastKnownFileType = wrapper.framework; name = CoreGraphics.framework; path = System/Library/Frameworks/CoreGraphics.framework; sourceTree = SDKROOT; };
		64A66B14180E3C3200920E3B /* UIKit.framework */ = {isa = PBXFileReference; lastKnownFileType = wrapper.framework; name = UIKit.framework; path = System/Library/Frameworks/UIKit.framework; sourceTree = SDKROOT; };
		64A66B28180E3C3200920E3B /* Graphics&AnimationTests.xctest */ = {isa = PBXFileReference; explicitFileType = wrapper.cfbundle; includeInIndex = 0; path = "Graphics&AnimationTests.xctest"; sourceTree = BUILT_PRODUCTS_DIR; };
		64A66B29180E3C3200920E3B /* XCTest.framework */ = {isa = PBXFileReference; lastKnownFileType = wrapper.framework; name = XCTest.framework; path = Library/Frameworks/XCTest.framework; sourceTree = DEVELOPER_DIR; };
		64A66B31180E3C3200920E3B /* Graphics&AnimationTests-Info.plist */ = {isa = PBXFileReference; lastKnownFileType = text.plist.xml; path = "Graphics&AnimationTests-Info.plist"; sourceTree = "<group>"; };
		64A66B33180E3C3200920E3B /* en */ = {isa = PBXFileReference; lastKnownFileType = text.plist.strings; name = en; path = en.lproj/InfoPlist.strings; sourceTree = "<group>"; };
		64A66B35180E3C3200920E3B /* Graphics_AnimationTests.m */ = {isa = PBXFileReference; lastKnownFileType = sourcecode.c.objc; path = Graphics_AnimationTests.m; sourceTree = "<group>"; };
		64E8FB1A181F7B970019A3BD /* GAViewController.h */ = {isa = PBXFileReference; fileEncoding = 4; lastKnownFileType = sourcecode.c.h; path = GAViewController.h; sourceTree = "<group>"; };
		64E8FB1B181F7B970019A3BD /* GAViewController.m */ = {isa = PBXFileReference; fileEncoding = 4; lastKnownFileType = sourcecode.c.objc; path = GAViewController.m; sourceTree = "<group>"; };
		64E8FB1D181F7BF80019A3BD /* GACAAnimationViewController.h */ = {isa = PBXFileReference; fileEncoding = 4; lastKnownFileType = sourcecode.c.h; path = GACAAnimationViewController.h; sourceTree = "<group>"; };
		64E8FB1E181F7BF80019A3BD /* GACAAnimationViewController.m */ = {isa = PBXFileReference; fileEncoding = 4; lastKnownFileType = sourcecode.c.objc; path = GACAAnimationViewController.m; sourceTree = "<group>"; };
		64E8FB20181F8D030019A3BD /* GAMacro.h */ = {isa = PBXFileReference; fileEncoding = 4; lastKnownFileType = sourcecode.c.h; path = GAMacro.h; sourceTree = "<group>"; };
		64E8FB23181F90ED0019A3BD /* GACAAnimation.h */ = {isa = PBXFileReference; fileEncoding = 4; lastKnownFileType = sourcecode.c.h; path = GACAAnimation.h; sourceTree = "<group>"; };
		64E8FB24181F90ED0019A3BD /* GACAAnimation.m */ = {isa = PBXFileReference; fileEncoding = 4; lastKnownFileType = sourcecode.c.objc; path = GACAAnimation.m; sourceTree = "<group>"; };
		64E8FB27181FC3400019A3BD /* goodboy0@2x.png */ = {isa = PBXFileReference; lastKnownFileType = image.png; path = "goodboy0@2x.png"; sourceTree = "<group>"; };
		64E8FB29181FC4830019A3BD /* QuartzCore.framework */ = {isa = PBXFileReference; lastKnownFileType = wrapper.framework; name = QuartzCore.framework; path = System/Library/Frameworks/QuartzCore.framework; sourceTree = SDKROOT; };
		64F44B7B181E740D00F20D7B /* GAMainViewController.h */ = {isa = PBXFileReference; fileEncoding = 4; lastKnownFileType = sourcecode.c.h; path = GAMainViewController.h; sourceTree = "<group>"; };
		64F44B7C181E740D00F20D7B /* GAMainViewController.m */ = {isa = PBXFileReference; fileEncoding = 4; lastKnownFileType = sourcecode.c.objc; path = GAMainViewController.m; sourceTree = "<group>"; };
		64F44B7D181E740D00F20D7B /* AppDelegate.h */ = {isa = PBXFileReference; fileEncoding = 4; lastKnownFileType = sourcecode.c.h; name = AppDelegate.h; path = "Graphics&Animation/AppDelegate.h"; sourceTree = SOURCE_ROOT; };
		64F44B7E181E740D00F20D7B /* AppDelegate.m */ = {isa = PBXFileReference; fileEncoding = 4; lastKnownFileType = sourcecode.c.objc; name = AppDelegate.m; path = "Graphics&Animation/AppDelegate.m"; sourceTree = SOURCE_ROOT; };
		64F44B81181E740D00F20D7B /* en */ = {isa = PBXFileReference; lastKnownFileType = text.plist.strings; name = en; path = InfoPlist.strings; sourceTree = "<group>"; };
		64F44B86181E740D00F20D7B /* Graphics&Animation-Info.plist */ = {isa = PBXFileReference; fileEncoding = 4; lastKnownFileType = text.plist.xml; path = "Graphics&Animation-Info.plist"; sourceTree = "<group>"; };
		64F44B87181E740D00F20D7B /* Graphics&Animation-Prefix.pch */ = {isa = PBXFileReference; fileEncoding = 4; lastKnownFileType = sourcecode.c.h; path = "Graphics&Animation-Prefix.pch"; sourceTree = "<group>"; };
		64F44B88181E740D00F20D7B /* Images.xcassets */ = {isa = PBXFileReference; lastKnownFileType = folder.assetcatalog; path = Images.xcassets; sourceTree = "<group>"; };
		64F44B89181E740D00F20D7B /* main.m */ = {isa = PBXFileReference; fileEncoding = 4; lastKnownFileType = sourcecode.c.objc; path = main.m; sourceTree = "<group>"; };
/* End PBXFileReference section */

/* Begin PBXFrameworksBuildPhase section */
		64A66B0A180E3C3200920E3B /* Frameworks */ = {
			isa = PBXFrameworksBuildPhase;
			buildActionMask = 2147483647;
			files = (
				64E8FB2A181FC4830019A3BD /* QuartzCore.framework in Frameworks */,
				64A66B13180E3C3200920E3B /* CoreGraphics.framework in Frameworks */,
				64A66B15180E3C3200920E3B /* UIKit.framework in Frameworks */,
				64A66B11180E3C3200920E3B /* Foundation.framework in Frameworks */,
			);
			runOnlyForDeploymentPostprocessing = 0;
		};
		64A66B25180E3C3200920E3B /* Frameworks */ = {
			isa = PBXFrameworksBuildPhase;
			buildActionMask = 2147483647;
			files = (
				64A66B2A180E3C3200920E3B /* XCTest.framework in Frameworks */,
				64A66B2C180E3C3200920E3B /* UIKit.framework in Frameworks */,
				64A66B2B180E3C3200920E3B /* Foundation.framework in Frameworks */,
			);
			runOnlyForDeploymentPostprocessing = 0;
		};
/* End PBXFrameworksBuildPhase section */

/* Begin PBXGroup section */
		64A66B04180E3C3200920E3B = {
			isa = PBXGroup;
			children = (
				64A66B16180E3C3200920E3B /* Graphics&Animation */,
				64A66B2F180E3C3200920E3B /* Graphics&AnimationTests */,
				64A66B0F180E3C3200920E3B /* Frameworks */,
				64A66B0E180E3C3200920E3B /* Products */,
			);
			sourceTree = "<group>";
		};
		64A66B0E180E3C3200920E3B /* Products */ = {
			isa = PBXGroup;
			children = (
				64A66B0D180E3C3200920E3B /* Graphics&Animation.app */,
				64A66B28180E3C3200920E3B /* Graphics&AnimationTests.xctest */,
			);
			name = Products;
			sourceTree = "<group>";
		};
		64A66B0F180E3C3200920E3B /* Frameworks */ = {
			isa = PBXGroup;
			children = (
				64E8FB29181FC4830019A3BD /* QuartzCore.framework */,
				64A66B10180E3C3200920E3B /* Foundation.framework */,
				64A66B12180E3C3200920E3B /* CoreGraphics.framework */,
				64A66B14180E3C3200920E3B /* UIKit.framework */,
				64A66B29180E3C3200920E3B /* XCTest.framework */,
			);
			name = Frameworks;
			sourceTree = "<group>";
		};
		64A66B16180E3C3200920E3B /* Graphics&Animation */ = {
			isa = PBXGroup;
			children = (
				64E8FB13181F54CB0019A3BD /* Resources */,
				64F44B7A181E740D00F20D7B /* App */,
				64F44B8A181E740D00F20D7B /* notes */,
				64F44B76181E740D00F20D7B /* Animation */,
				64F44B82181E740D00F20D7B /* Graphics */,
				64F44B86181E740D00F20D7B /* Graphics&Animation-Info.plist */,
				64F44B87181E740D00F20D7B /* Graphics&Animation-Prefix.pch */,
				64F44B88181E740D00F20D7B /* Images.xcassets */,
				64F44B89181E740D00F20D7B /* main.m */,
				64F44B7F181E740D00F20D7B /* en.lproj */,
			);
			path = "Graphics&Animation";
			sourceTree = "<group>";
		};
		64A66B2F180E3C3200920E3B /* Graphics&AnimationTests */ = {
			isa = PBXGroup;
			children = (
				64A66B35180E3C3200920E3B /* Graphics_AnimationTests.m */,
				64A66B30180E3C3200920E3B /* Supporting Files */,
			);
			path = "Graphics&AnimationTests";
			sourceTree = "<group>";
		};
		64A66B30180E3C3200920E3B /* Supporting Files */ = {
			isa = PBXGroup;
			children = (
				64A66B31180E3C3200920E3B /* Graphics&AnimationTests-Info.plist */,
				64A66B32180E3C3200920E3B /* InfoPlist.strings */,
			);
			name = "Supporting Files";
			sourceTree = "<group>";
		};
		64E8FB0E181F52D40019A3BD /* View */ = {
			isa = PBXGroup;
			children = (
			);
			path = View;
			sourceTree = "<group>";
		};
		64E8FB13181F54CB0019A3BD /* Resources */ = {
			isa = PBXGroup;
			children = (
				64E8FB16181F55150019A3BD /* Images */,
			);
			path = Resources;
			sourceTree = "<group>";
		};
		64E8FB16181F55150019A3BD /* Images */ = {
			isa = PBXGroup;
			children = (
				640B032E18209FF50077A070 /* goodboy1@2x.png */,
				64E8FB27181FC3400019A3BD /* goodboy0@2x.png */,
			);
			path = Images;
			sourceTree = "<group>";
		};
		64E8FB19181F7B7A0019A3BD /* GAframework */ = {
			isa = PBXGroup;
			children = (
				64E8FB23181F90ED0019A3BD /* GACAAnimation.h */,
				64E8FB24181F90ED0019A3BD /* GACAAnimation.m */,
				64E8FB1A181F7B970019A3BD /* GAViewController.h */,
				64E8FB1B181F7B970019A3BD /* GAViewController.m */,
				64E8FB20181F8D030019A3BD /* GAMacro.h */,
			);
			path = GAframework;
			sourceTree = "<group>";
		};
		64F44B76181E740D00F20D7B /* Animation */ = {
			isa = PBXGroup;
			children = (
				64E8FB0E181F52D40019A3BD /* View */,
				64F44B77181E740D00F20D7B /* Controller */,
				64F44B78181E740D00F20D7B /* Model */,
			);
			path = Animation;
			sourceTree = "<group>";
		};
		64F44B77181E740D00F20D7B /* Controller */ = {
			isa = PBXGroup;
			children = (
				64E8FB1D181F7BF80019A3BD /* GACAAnimationViewController.h */,
				64E8FB1E181F7BF80019A3BD /* GACAAnimationViewController.m */,
			);
			path = Controller;
			sourceTree = "<group>";
		};
		64F44B78181E740D00F20D7B /* Model */ = {
			isa = PBXGroup;
			children = (
			);
			path = Model;
			sourceTree = "<group>";
		};
		64F44B7A181E740D00F20D7B /* App */ = {
			isa = PBXGroup;
			children = (
				64E8FB19181F7B7A0019A3BD /* GAframework */,
				64F44B7B181E740D00F20D7B /* GAMainViewController.h */,
				64F44B7C181E740D00F20D7B /* GAMainViewController.m */,
				64F44B7D181E740D00F20D7B /* AppDelegate.h */,
				64F44B7E181E740D00F20D7B /* AppDelegate.m */,
			);
			path = App;
			sourceTree = "<group>";
		};
		64F44B7F181E740D00F20D7B /* en.lproj */ = {
			isa = PBXGroup;
			children = (
				64F44B80181E740D00F20D7B /* InfoPlist.strings */,
			);
			path = en.lproj;
			sourceTree = "<group>";
		};
		64F44B82181E740D00F20D7B /* Graphics */ = {
			isa = PBXGroup;
			children = (
				64F44B83181E740D00F20D7B /* Controller */,
				64F44B84181E740D00F20D7B /* Model */,
				64F44B85181E740D00F20D7B /* view */,
			);
			path = Graphics;
			sourceTree = "<group>";
		};
		64F44B83181E740D00F20D7B /* Controller */ = {
			isa = PBXGroup;
			children = (
			);
			path = Controller;
			sourceTree = "<group>";
		};
		64F44B84181E740D00F20D7B /* Model */ = {
			isa = PBXGroup;
			children = (
			);
			path = Model;
			sourceTree = "<group>";
		};
		64F44B85181E740D00F20D7B /* view */ = {
			isa = PBXGroup;
			children = (
			);
			path = view;
			sourceTree = "<group>";
		};
		64F44B8A181E740D00F20D7B /* notes */ = {
			isa = PBXGroup;
			children = (
			);
			path = notes;
			sourceTree = "<group>";
		};
/* End PBXGroup section */

/* Begin PBXNativeTarget section */
		64A66B0C180E3C3200920E3B /* Graphics&Animation */ = {
			isa = PBXNativeTarget;
			buildConfigurationList = 64A66B39180E3C3200920E3B /* Build configuration list for PBXNativeTarget "Graphics&Animation" */;
			buildPhases = (
				64A66B09180E3C3200920E3B /* Sources */,
				64A66B0A180E3C3200920E3B /* Frameworks */,
				64A66B0B180E3C3200920E3B /* Resources */,
			);
			buildRules = (
			);
			dependencies = (
			);
			name = "Graphics&Animation";
			productName = "Graphics&Animation";
			productReference = 64A66B0D180E3C3200920E3B /* Graphics&Animation.app */;
			productType = "com.apple.product-type.application";
		};
		64A66B27180E3C3200920E3B /* Graphics&AnimationTests */ = {
			isa = PBXNativeTarget;
			buildConfigurationList = 64A66B3C180E3C3200920E3B /* Build configuration list for PBXNativeTarget "Graphics&AnimationTests" */;
			buildPhases = (
				64A66B24180E3C3200920E3B /* Sources */,
				64A66B25180E3C3200920E3B /* Frameworks */,
				64A66B26180E3C3200920E3B /* Resources */,
			);
			buildRules = (
			);
			dependencies = (
				64A66B2E180E3C3200920E3B /* PBXTargetDependency */,
			);
			name = "Graphics&AnimationTests";
			productName = "Graphics&AnimationTests";
			productReference = 64A66B28180E3C3200920E3B /* Graphics&AnimationTests.xctest */;
			productType = "com.apple.product-type.bundle.unit-test";
		};
/* End PBXNativeTarget section */

/* Begin PBXProject section */
		64A66B05180E3C3200920E3B /* Project object */ = {
			isa = PBXProject;
			attributes = {
				LastUpgradeCheck = 0500;
				ORGANIZATIONNAME = TimTiger;
				TargetAttributes = {
					64A66B27180E3C3200920E3B = {
						TestTargetID = 64A66B0C180E3C3200920E3B;
					};
				};
			};
			buildConfigurationList = 64A66B08180E3C3200920E3B /* Build configuration list for PBXProject "Graphics&Animation" */;
			compatibilityVersion = "Xcode 3.2";
			developmentRegion = English;
			hasScannedForEncodings = 0;
			knownRegions = (
				en,
			);
			mainGroup = 64A66B04180E3C3200920E3B;
			productRefGroup = 64A66B0E180E3C3200920E3B /* Products */;
			projectDirPath = "";
			projectRoot = "";
			targets = (
				64A66B0C180E3C3200920E3B /* Graphics&Animation */,
				64A66B27180E3C3200920E3B /* Graphics&AnimationTests */,
			);
		};
/* End PBXProject section */

/* Begin PBXResourcesBuildPhase section */
		64A66B0B180E3C3200920E3B /* Resources */ = {
			isa = PBXResourcesBuildPhase;
			buildActionMask = 2147483647;
			files = (
				640B032F18209FF50077A070 /* goodboy1@2x.png in Resources */,
				64F44B8F181E740D00F20D7B /* Images.xcassets in Resources */,
				64F44B8D181E740D00F20D7B /* InfoPlist.strings in Resources */,
				64E8FB28181FC3400019A3BD /* goodboy0@2x.png in Resources */,
				64F44B8E181E740D00F20D7B /* Graphics&Animation-Info.plist in Resources */,
			);
			runOnlyForDeploymentPostprocessing = 0;
		};
		64A66B26180E3C3200920E3B /* Resources */ = {
			isa = PBXResourcesBuildPhase;
			buildActionMask = 2147483647;
			files = (
				64A66B34180E3C3200920E3B /* InfoPlist.strings in Resources */,
			);
			runOnlyForDeploymentPostprocessing = 0;
		};
/* End PBXResourcesBuildPhase section */

/* Begin PBXSourcesBuildPhase section */
		64A66B09180E3C3200920E3B /* Sources */ = {
			isa = PBXSourcesBuildPhase;
			buildActionMask = 2147483647;
			files = (
				64F44B8C181E740D00F20D7B /* AppDelegate.m in Sources */,
				64E8FB1C181F7B970019A3BD /* GAViewController.m in Sources */,
				64F44B90181E740D00F20D7B /* main.m in Sources */,
				64F44B8B181E740D00F20D7B /* GAMainViewController.m in Sources */,
				64E8FB25181F90ED0019A3BD /* GACAAnimation.m in Sources */,
				64E8FB1F181F7BF80019A3BD /* GACAAnimationViewController.m in Sources */,
			);
			runOnlyForDeploymentPostprocessing = 0;
		};
		64A66B24180E3C3200920E3B /* Sources */ = {
			isa = PBXSourcesBuildPhase;
			buildActionMask = 2147483647;
			files = (
				64A66B36180E3C3200920E3B /* Graphics_AnimationTests.m in Sources */,
			);
			runOnlyForDeploymentPostprocessing = 0;
		};
/* End PBXSourcesBuildPhase section */

/* Begin PBXTargetDependency section */
		64A66B2E180E3C3200920E3B /* PBXTargetDependency */ = {
			isa = PBXTargetDependency;
			target = 64A66B0C180E3C3200920E3B /* Graphics&Animation */;
			targetProxy = 64A66B2D180E3C3200920E3B /* PBXContainerItemProxy */;
		};
/* End PBXTargetDependency section */

/* Begin PBXVariantGroup section */
		64A66B32180E3C3200920E3B /* InfoPlist.strings */ = {
			isa = PBXVariantGroup;
			children = (
				64A66B33180E3C3200920E3B /* en */,
			);
			name = InfoPlist.strings;
			sourceTree = "<group>";
		};
		64F44B80181E740D00F20D7B /* InfoPlist.strings */ = {
			isa = PBXVariantGroup;
			children = (
				64F44B81181E740D00F20D7B /* en */,
			);
			name = InfoPlist.strings;
			sourceTree = "<group>";
		};
/* End PBXVariantGroup section */

/* Begin XCBuildConfiguration section */
		64A66B37180E3C3200920E3B /* Debug */ = {
			isa = XCBuildConfiguration;
			buildSettings = {
				ALWAYS_SEARCH_USER_PATHS = NO;
				ARCHS = "$(ARCHS_STANDARD_INCLUDING_64_BIT)";
				CLANG_CXX_LANGUAGE_STANDARD = "gnu++0x";
				CLANG_CXX_LIBRARY = "libc++";
				CLANG_ENABLE_MODULES = YES;
				CLANG_ENABLE_OBJC_ARC = YES;
				CLANG_WARN_BOOL_CONVERSION = YES;
				CLANG_WARN_CONSTANT_CONVERSION = YES;
				CLANG_WARN_DIRECT_OBJC_ISA_USAGE = YES_ERROR;
				CLANG_WARN_EMPTY_BODY = YES;
				CLANG_WARN_ENUM_CONVERSION = YES;
				CLANG_WARN_INT_CONVERSION = YES;
				CLANG_WARN_OBJC_ROOT_CLASS = YES_ERROR;
				CLANG_WARN__DUPLICATE_METHOD_MATCH = YES;
				CODE_SIGN_IDENTITY = "iPhone Developer";
				"CODE_SIGN_IDENTITY[sdk=iphoneos*]" = "iPhone Developer";
				COPY_PHASE_STRIP = NO;
				GCC_C_LANGUAGE_STANDARD = gnu99;
				GCC_DYNAMIC_NO_PIC = NO;
				GCC_OPTIMIZATION_LEVEL = 0;
				GCC_PREPROCESSOR_DEFINITIONS = (
					"DEBUG=1",
					"$(inherited)",
				);
				GCC_SYMBOLS_PRIVATE_EXTERN = NO;
				GCC_WARN_64_TO_32_BIT_CONVERSION = YES;
				GCC_WARN_ABOUT_RETURN_TYPE = YES_ERROR;
				GCC_WARN_UNDECLARED_SELECTOR = YES;
				GCC_WARN_UNINITIALIZED_AUTOS = YES;
				GCC_WARN_UNUSED_FUNCTION = YES;
				GCC_WARN_UNUSED_VARIABLE = YES;
				IPHONEOS_DEPLOYMENT_TARGET = 7.0;
				ONLY_ACTIVE_ARCH = YES;
				SDKROOT = iphoneos;
			};
			name = Debug;
		};
		64A66B38180E3C3200920E3B /* Release */ = {
			isa = XCBuildConfiguration;
			buildSettings = {
				ALWAYS_SEARCH_USER_PATHS = NO;
				ARCHS = "$(ARCHS_STANDARD_INCLUDING_64_BIT)";
				CLANG_CXX_LANGUAGE_STANDARD = "gnu++0x";
				CLANG_CXX_LIBRARY = "libc++";
				CLANG_ENABLE_MODULES = YES;
				CLANG_ENABLE_OBJC_ARC = YES;
				CLANG_WARN_BOOL_CONVERSION = YES;
				CLANG_WARN_CONSTANT_CONVERSION = YES;
				CLANG_WARN_DIRECT_OBJC_ISA_USAGE = YES_ERROR;
				CLANG_WARN_EMPTY_BODY = YES;
				CLANG_WARN_ENUM_CONVERSION = YES;
				CLANG_WARN_INT_CONVERSION = YES;
				CLANG_WARN_OBJC_ROOT_CLASS = YES_ERROR;
				CLANG_WARN__DUPLICATE_METHOD_MATCH = YES;
				CODE_SIGN_IDENTITY = "iPhone Developer";
				"CODE_SIGN_IDENTITY[sdk=iphoneos*]" = "iPhone Developer";
				COPY_PHASE_STRIP = YES;
				ENABLE_NS_ASSERTIONS = NO;
				GCC_C_LANGUAGE_STANDARD = gnu99;
				GCC_WARN_64_TO_32_BIT_CONVERSION = YES;
				GCC_WARN_ABOUT_RETURN_TYPE = YES_ERROR;
				GCC_WARN_UNDECLARED_SELECTOR = YES;
				GCC_WARN_UNINITIALIZED_AUTOS = YES;
				GCC_WARN_UNUSED_FUNCTION = YES;
				GCC_WARN_UNUSED_VARIABLE = YES;
				IPHONEOS_DEPLOYMENT_TARGET = 7.0;
				SDKROOT = iphoneos;
				VALIDATE_PRODUCT = YES;
			};
			name = Release;
		};
		64A66B3A180E3C3200920E3B /* Debug */ = {
			isa = XCBuildConfiguration;
			buildSettings = {
				ASSETCATALOG_COMPILER_APPICON_NAME = AppIcon;
				ASSETCATALOG_COMPILER_LAUNCHIMAGE_NAME = LaunchImage;
				GCC_PRECOMPILE_PREFIX_HEADER = YES;
				GCC_PREFIX_HEADER = "Graphics&Animation/Graphics&Animation-Prefix.pch";
				INFOPLIST_FILE = "Graphics&Animation/Graphics&Animation-Info.plist";
				PRODUCT_NAME = "$(TARGET_NAME)";
				WRAPPER_EXTENSION = app;
			};
			name = Debug;
		};
		64A66B3B180E3C3200920E3B /* Release */ = {
			isa = XCBuildConfiguration;
			buildSettings = {
				ASSETCATALOG_COMPILER_APPICON_NAME = AppIcon;
				ASSETCATALOG_COMPILER_LAUNCHIMAGE_NAME = LaunchImage;
				GCC_PRECOMPILE_PREFIX_HEADER = YES;
				GCC_PREFIX_HEADER = "Graphics&Animation/Graphics&Animation-Prefix.pch";
				INFOPLIST_FILE = "Graphics&Animation/Graphics&Animation-Info.plist";
				PRODUCT_NAME = "$(TARGET_NAME)";
				WRAPPER_EXTENSION = app;
			};
			name = Release;
		};
		64A66B3D180E3C3200920E3B /* Debug */ = {
			isa = XCBuildConfiguration;
			buildSettings = {
				ARCHS = "$(ARCHS_STANDARD_INCLUDING_64_BIT)";
				BUNDLE_LOADER = "$(BUILT_PRODUCTS_DIR)/Graphics&Animation.app/Graphics&Animation";
				FRAMEWORK_SEARCH_PATHS = (
					"$(SDKROOT)/Developer/Library/Frameworks",
					"$(inherited)",
					"$(DEVELOPER_FRAMEWORKS_DIR)",
				);
				GCC_PRECOMPILE_PREFIX_HEADER = YES;
				GCC_PREFIX_HEADER = "Graphics&Animation/Graphics&Animation-Prefix.pch";
				GCC_PREPROCESSOR_DEFINITIONS = (
					"DEBUG=1",
					"$(inherited)",
				);
				INFOPLIST_FILE = "Graphics&AnimationTests/Graphics&AnimationTests-Info.plist";
				PRODUCT_NAME = "$(TARGET_NAME)";
				TEST_HOST = "$(BUNDLE_LOADER)";
				WRAPPER_EXTENSION = xctest;
			};
			name = Debug;
		};
		64A66B3E180E3C3200920E3B /* Release */ = {
			isa = XCBuildConfiguration;
			buildSettings = {
				ARCHS = "$(ARCHS_STANDARD_INCLUDING_64_BIT)";
				BUNDLE_LOADER = "$(BUILT_PRODUCTS_DIR)/Graphics&Animation.app/Graphics&Animation";
				FRAMEWORK_SEARCH_PATHS = (
					"$(SDKROOT)/Developer/Library/Frameworks",
					"$(inherited)",
					"$(DEVELOPER_FRAMEWORKS_DIR)",
				);
				GCC_PRECOMPILE_PREFIX_HEADER = YES;
				GCC_PREFIX_HEADER = "Graphics&Animation/Graphics&Animation-Prefix.pch";
				INFOPLIST_FILE = "Graphics&AnimationTests/Graphics&AnimationTests-Info.plist";
				PRODUCT_NAME = "$(TARGET_NAME)";
				TEST_HOST = "$(BUNDLE_LOADER)";
				WRAPPER_EXTENSION = xctest;
			};
			name = Release;
		};
/* End XCBuildConfiguration section */

/* Begin XCConfigurationList section */
		64A66B08180E3C3200920E3B /* Build configuration list for PBXProject "Graphics&Animation" */ = {
			isa = XCConfigurationList;
			buildConfigurations = (
				64A66B37180E3C3200920E3B /* Debug */,
				64A66B38180E3C3200920E3B /* Release */,
			);
			defaultConfigurationIsVisible = 0;
			defaultConfigurationName = Release;
		};
		64A66B39180E3C3200920E3B /* Build configuration list for PBXNativeTarget "Graphics&Animation" */ = {
			isa = XCConfigurationList;
			buildConfigurations = (
				64A66B3A180E3C3200920E3B /* Debug */,
				64A66B3B180E3C3200920E3B /* Release */,
			);
			defaultConfigurationIsVisible = 0;
			defaultConfigurationName = Release;
		};
		64A66B3C180E3C3200920E3B /* Build configuration list for PBXNativeTarget "Graphics&AnimationTests" */ = {
			isa = XCConfigurationList;
			buildConfigurations = (
				64A66B3D180E3C3200920E3B /* Debug */,
				64A66B3E180E3C3200920E3B /* Release */,
			);
			defaultConfigurationIsVisible = 0;
			defaultConfigurationName = Release;
		};
/* End XCConfigurationList section */
	};
	rootObject = 64A66B05180E3C3200920E3B /* Project object */;
}
